# This file is automatically @generated by Poetry 1.6.1 and should not be changed by hand.

[[package]]
name = "anyio"
version = "4.0.0"
description = "High level compatibility layer for multiple asynchronous event loop implementations"
optional = false
python-versions = ">=3.8"
files = [
    {file = "anyio-4.0.0-py3-none-any.whl", hash = "sha256:cfdb2b588b9fc25ede96d8db56ed50848b0b649dca3dd1df0b11f683bb9e0b5f"},
    {file = "anyio-4.0.0.tar.gz", hash = "sha256:f7ed51751b2c2add651e5747c891b47e26d2a21be5d32d9311dfe9692f3e5d7a"},
]

[package.dependencies]
exceptiongroup = {version = ">=1.0.2", markers = "python_version < \"3.11\""}
idna = ">=2.8"
sniffio = ">=1.1"

[package.extras]
doc = ["Sphinx (>=7)", "packaging", "sphinx-autodoc-typehints (>=1.2.0)"]
test = ["anyio[trio]", "coverage[toml] (>=7)", "hypothesis (>=4.0)", "psutil (>=5.9)", "pytest (>=7.0)", "pytest-mock (>=3.6.1)", "trustme", "uvloop (>=0.17)"]
trio = ["trio (>=0.22)"]

[[package]]
name = "certifi"
version = "2023.7.22"
description = "Python package for providing Mozilla's CA Bundle."
optional = false
python-versions = ">=3.6"
files = [
    {file = "certifi-2023.7.22-py3-none-any.whl", hash = "sha256:92d6037539857d8206b8f6ae472e8b77db8058fec5937a1ef3f54304089edbb9"},
    {file = "certifi-2023.7.22.tar.gz", hash = "sha256:539cc1d13202e33ca466e88b2807e29f4c13049d6d87031a3c110744495cb082"},
]

[[package]]
name = "exceptiongroup"
version = "1.1.3"
description = "Backport of PEP 654 (exception groups)"
optional = false
python-versions = ">=3.7"
files = [
    {file = "exceptiongroup-1.1.3-py3-none-any.whl", hash = "sha256:343280667a4585d195ca1cf9cef84a4e178c4b6cf2274caef9859782b567d5e3"},
    {file = "exceptiongroup-1.1.3.tar.gz", hash = "sha256:097acd85d473d75af5bb98e41b61ff7fe35efe6675e4f9370ec6ec5126d160e9"},
]

[package.extras]
test = ["pytest (>=6)"]

[[package]]
name = "h11"
version = "0.14.0"
description = "A pure-Python, bring-your-own-I/O implementation of HTTP/1.1"
optional = false
python-versions = ">=3.7"
files = [
    {file = "h11-0.14.0-py3-none-any.whl", hash = "sha256:e3fe4ac4b851c468cc8363d500db52c2ead036020723024a109d37346efaa761"},
    {file = "h11-0.14.0.tar.gz", hash = "sha256:8f19fbbe99e72420ff35c00b27a34cb9937e902a8b810e2c88300c6f0a3b699d"},
]

[[package]]
name = "httpcore"
version = "0.18.0"
description = "A minimal low-level HTTP client."
optional = false
python-versions = ">=3.8"
files = [
    {file = "httpcore-0.18.0-py3-none-any.whl", hash = "sha256:adc5398ee0a476567bf87467063ee63584a8bce86078bf748e48754f60202ced"},
    {file = "httpcore-0.18.0.tar.gz", hash = "sha256:13b5e5cd1dca1a6636a6aaea212b19f4f85cd88c366a2b82304181b769aab3c9"},
]

[package.dependencies]
anyio = ">=3.0,<5.0"
certifi = "*"
h11 = ">=0.13,<0.15"
sniffio = "==1.*"

[package.extras]
http2 = ["h2 (>=3,<5)"]
socks = ["socksio (==1.*)"]

[[package]]
name = "httpx"
version = "0.25.0"
description = "The next generation HTTP client."
optional = false
python-versions = ">=3.8"
files = [
    {file = "httpx-0.25.0-py3-none-any.whl", hash = "sha256:181ea7f8ba3a82578be86ef4171554dd45fec26a02556a744db029a0a27b7100"},
    {file = "httpx-0.25.0.tar.gz", hash = "sha256:47ecda285389cb32bb2691cc6e069e3ab0205956f681c5b2ad2325719751d875"},
]

[package.dependencies]
certifi = "*"
httpcore = ">=0.18.0,<0.19.0"
idna = "*"
sniffio = "*"

[package.extras]
brotli = ["brotli", "brotlicffi"]
cli = ["click (==8.*)", "pygments (==2.*)", "rich (>=10,<14)"]
http2 = ["h2 (>=3,<5)"]
socks = ["socksio (==1.*)"]

[[package]]
name = "idna"
version = "3.4"
description = "Internationalized Domain Names in Applications (IDNA)"
optional = false
python-versions = ">=3.5"
files = [
    {file = "idna-3.4-py3-none-any.whl", hash = "sha256:90b77e79eaa3eba6de819a0c442c0b4ceefc341a7a2ab77d7562bf49f425c5c2"},
    {file = "idna-3.4.tar.gz", hash = "sha256:814f528e8dead7d329833b91c5faa87d60bf71824cd12a7530b5526063d02cb4"},
]

[[package]]
name = "jdatetime"
version = "4.1.1"
description = "Jalali datetime binding for python"
optional = false
python-versions = ">=3.7"
files = [
    {file = "jdatetime-4.1.1-py3-none-any.whl", hash = "sha256:8b56c702406eaf84d2ad673c41180488f8c77f156c3ac0630ce0caabaf6af5b8"},
    {file = "jdatetime-4.1.1.tar.gz", hash = "sha256:1dd0ee210160c7bd30002803c443e6260ac602ea65b065652a1d567d3bfdca7a"},
]

[[package]]
name = "polars"
version = "0.20.5"
description = "Blazingly fast DataFrame library"
optional = false
python-versions = ">=3.8"
files = [
    {file = "polars-0.20.5-cp38-abi3-macosx_10_12_x86_64.whl", hash = "sha256:19693d0815e7be757b2320a5ed988a209f9a505562ed937084b0c7d59109f6b7"},
    {file = "polars-0.20.5-cp38-abi3-macosx_11_0_arm64.whl", hash = "sha256:6b8674a18b4915207ae46855e72b188391e341e519a72f24b9591ce5164b837d"},
    {file = "polars-0.20.5-cp38-abi3-manylinux_2_17_x86_64.manylinux2014_x86_64.whl", hash = "sha256:aa5d8139020688b0a8f4cdf765df17fe9fa4c8defac6361412bd4bc80a12433c"},
    {file = "polars-0.20.5-cp38-abi3-manylinux_2_24_aarch64.whl", hash = "sha256:d9d069bb4e0cad8efbd7e6211d68e65698d50e77e72490565e52ff035236c08e"},
    {file = "polars-0.20.5-cp38-abi3-win_amd64.whl", hash = "sha256:4d614503f963cd5a8cea3240e7fd9f56b6e574d00ef80091e8689bb6defaf880"},
    {file = "polars-0.20.5.tar.gz", hash = "sha256:fa4abc22cee024b5872961ddcd8a13a0a76150df345e21ce4308c2b1a36b47aa"},
]

[package.extras]
adbc = ["adbc_driver_sqlite"]
all = ["polars[adbc,cloudpickle,connectorx,deltalake,fsspec,gevent,numpy,pandas,plot,pyarrow,pydantic,pyiceberg,sqlalchemy,timezone,xlsx2csv,xlsxwriter]"]
cloudpickle = ["cloudpickle"]
connectorx = ["connectorx (>=0.3.2)"]
deltalake = ["deltalake (>=0.14.0)"]
fsspec = ["fsspec"]
gevent = ["gevent"]
matplotlib = ["matplotlib"]
numpy = ["numpy (>=1.16.0)"]
openpyxl = ["openpyxl (>=3.0.0)"]
pandas = ["pandas", "pyarrow (>=7.0.0)"]
plot = ["hvplot (>=0.9.1)"]
pyarrow = ["pyarrow (>=7.0.0)"]
pydantic = ["pydantic"]
pyiceberg = ["pyiceberg (>=0.5.0)"]
pyxlsb = ["pyxlsb (>=1.0)"]
sqlalchemy = ["pandas", "sqlalchemy"]
timezone = ["backports.zoneinfo", "tzdata"]
xlsx2csv = ["xlsx2csv (>=0.8.0)"]
xlsxwriter = ["xlsxwriter"]

[[package]]
name = "python-dateutil"
version = "2.8.2"
description = "Extensions to the standard Python datetime module"
optional = false
python-versions = "!=3.0.*,!=3.1.*,!=3.2.*,>=2.7"
files = [
    {file = "python-dateutil-2.8.2.tar.gz", hash = "sha256:0123cacc1627ae19ddf3c27a5de5bd67ee4586fbdd6440d9748f8abb483d3e86"},
    {file = "python_dateutil-2.8.2-py2.py3-none-any.whl", hash = "sha256:961d03dc3453ebbc59dbdea9e4e11c5651520a876d0f4db161e8674aae935da9"},
]

[package.dependencies]
six = ">=1.5"

[[package]]
name = "six"
version = "1.16.0"
description = "Python 2 and 3 compatibility utilities"
optional = false
python-versions = ">=2.7, !=3.0.*, !=3.1.*, !=3.2.*"
files = [
    {file = "six-1.16.0-py2.py3-none-any.whl", hash = "sha256:8abb2f1d86890a2dfb989f9a77cfcfd3e47c2a354b01111771326f8aa26e0254"},
    {file = "six-1.16.0.tar.gz", hash = "sha256:1e61c37477a1626458e36f7b1d82aa5c9b094fa4802892072e49de9c60c4c926"},
]

[[package]]
name = "sniffio"
version = "1.3.0"
description = "Sniff out which async library your code is running under"
optional = false
python-versions = ">=3.7"
files = [
    {file = "sniffio-1.3.0-py3-none-any.whl", hash = "sha256:eecefdce1e5bbfb7ad2eeaabf7c1eeb404d7757c379bd1f7e5cce9d8bf425384"},
    {file = "sniffio-1.3.0.tar.gz", hash = "sha256:e60305c5e5d314f5389259b7f22aaa33d8f7dee49763119234af3755c55b9101"},
]

[[package]]
name = "tarix"
version = "0.1.1"
description = ""
optional = false
python-versions = ">=3.10,<4.0"
files = [
    {file = "tarix-0.1.1-py3-none-any.whl", hash = "sha256:9f0667fab1fed7c1857e10b0473d7989cd8b563b85e3fc246bab203f2eb6f7e8"},
]

[package.dependencies]
jdatetime = ">=4.1.1,<5.0.0"
python-dateutil = ">=2.8.2,<3.0.0"

[[package]]
name = "tenacity"
version = "8.2.3"
description = "Retry code until it succeeds"
optional = false
python-versions = ">=3.7"
files = [
    {file = "tenacity-8.2.3-py3-none-any.whl", hash = "sha256:ce510e327a630c9e1beaf17d42e6ffacc88185044ad85cf74c0a8887c6a0f88c"},
    {file = "tenacity-8.2.3.tar.gz", hash = "sha256:5398ef0d78e63f40007c1fb4c0bff96e1911394d2fa8d194f77619c05ff6cc8a"},
]

[package.extras]
doc = ["reno", "sphinx", "tornado (>=4.5)"]

[metadata]
lock-version = "2.0"
python-versions = "^3.10"
content-hash = "212b40a9f4e9f1ca768659e26fb24e27ffdda083f57ac1eba187ba8070d0c88a"
